<Solution>
  <Configurations>
    <BuildType Name="Debug" />
    <BuildType Name="Release" />
    <Platform Name="x64" />
  </Configurations>
  <Folder Name="/Plugins/">
    <Project Path="sharpie/src/Plugins/Sharpie.Plugins.SharpDX/Sharpie.Plugins.SharpDX.csproj">
      <Platform Solution="Debug|*" Project="x64" />
      <Platform Solution="Release|*" Project="x64" />
      <Build Solution="Debug|*" Project="false" />
      <Build Solution="Release|*" Project="false" />
    </Project>
    <Project Path="sharpie/src/Plugins/Sharpie.Plugins.Speech/Sharpie.Plugins.Speech.csproj">
      <Platform Solution="Debug|*" Project="x64" />
      <Platform Solution="Release|*" Project="x64" />
      <Build Solution="Debug|*" Project="false" />
      <Build Solution="Release|*" Project="false" />
    </Project>
    <Project Path="sharpie/src/Plugins/Sharpie.Plugins.UsbWatcher/Sharpie.Plugins.UsbWatcher.csproj">
      <Platform Solution="Debug|*" Project="x64" />
      <Platform Solution="Release|*" Project="x64" />
      <Build Solution="Debug|*" Project="false" />
      <Build Solution="Release|*" Project="false" />
    </Project>
  </Folder>
  <Folder Name="/Sharpie/">
    <Project Path="sharpie/src/Sharpie/Sharpie.Engine.Contracts/Sharpie.Engine.Contracts.csproj">
      <Platform Solution="Debug|*" Project="x64" />
      <Platform Solution="Release|*" Project="x64" />
      <Build Solution="Debug|*" Project="false" />
      <Build Solution="Release|*" Project="false" />
    </Project>
    <Project Path="sharpie/src/Sharpie/Sharpie.Engine/Sharpie.Engine.csproj">
      <Platform Solution="Debug|*" Project="x64" />
      <Platform Solution="Release|*" Project="x64" />
      <Build Solution="Debug|*" Project="false" />
      <Build Solution="Release|*" Project="false" />
    </Project>
    <Project Path="sharpie/src/Sharpie/Sharpie.Helpers.Core/Sharpie.Helpers.Core.csproj">
      <Platform Project="x64" />
      <Build Solution="Release|*" Project="false" />
    </Project>
    <Project Path="sharpie/src/Sharpie/Sharpie.Helpers.Telemetry/Sharpie.Helpers.Telemetry.csproj">
      <Platform Solution="Debug|*" Project="x64" />
      <Platform Solution="Release|*" Project="x64" />
      <Build Solution="Debug|*" Project="false" />
      <Build Solution="Release|*" Project="false" />
    </Project>
  </Folder>
  <Folder Name="/SolutionItems/">
    <File Path="src/Directory.build.props" />
  </Folder>
  <Project Path="src/RotoGLBridge.Console/RotoGLBridge.ConsoleApp.csproj">
    <Platform Project="x64" />
    <Build Solution="Debug|*" Project="false" />
  </Project>
  <Project Path="src/RotoGLBridge.Tests/RotoGLBridge.Tests.csproj" />
  <Project Path="src/RotoGLBridge.UI/RotoGLBridge.UI.csproj">
    <Platform Project="x64" />
  </Project>
  <Project Path="src/RotoGLBridge/RotoGLBridge.csproj">
    <Platform Project="x64" />
  </Project>
  <Project Path="src/RotoUSB/rotoUSB.csproj">
    <Platform Solution="Debug|*" Project="x64" />
    <Platform Solution="Release|*" Project="x64" />
  </Project>
</Solution>
