
Microsoft Visual Studio Solution File, Format Version 12.00
# Visual Studio Version 17
VisualStudioVersion = 17.12.35527.113
MinimumVisualStudioVersion = 10.0.40219.1
Project("{FAE04EC0-301F-11D3-BF4B-00C04F79EFBC}") = "RotoGLBridge.ConsoleApp", "RotoGLBridge.Console\RotoGLBridge.ConsoleApp.csproj", "{96A9D47A-70E3-491E-A96D-16A8AC77F495}"
EndProject
Project("{FAE04EC0-301F-11D3-BF4B-00C04F79EFBC}") = "RotoGLBridge", "RotoGLBridge\RotoGLBridge.csproj", "{2625FED9-7288-4202-B0A4-2CF8F4D6D403}"
EndProject
Project("{FAE04EC0-301F-11D3-BF4B-00C04F79EFBC}") = "Sharpie.Engine.Contracts", "..\..\sharpie\src\Sharpie\Sharpie.Engine.Contracts\Sharpie.Engine.Contracts.csproj", "{C7826CD0-BE47-153A-38D2-EBA8042D1763}"
EndProject
Project("{FAE04EC0-301F-11D3-BF4B-00C04F79EFBC}") = "Sharpie.Engine", "..\..\sharpie\src\Sharpie\Sharpie.Engine\Sharpie.Engine.csproj", "{EE7EE0C1-0FD9-77FC-9ED1-8C612A81F544}"
EndProject
Project("{2150E333-8FDC-42A3-9474-1A3956D46DE8}") = "Sharpie", "Sharpie", "{02EA681E-C7D8-13C7-8484-4AC65E1B71E8}"
EndProject
Project("{FAE04EC0-301F-11D3-BF4B-00C04F79EFBC}") = "Sharpie.Helpers.Core", "..\..\sharpie\src\Sharpie\Sharpie.Helpers.Core\Sharpie.Helpers.Core.csproj", "{EFDB0497-EA1F-4A95-E613-57A6363977BF}"
EndProject
Project("{FAE04EC0-301F-11D3-BF4B-00C04F79EFBC}") = "Sharpie.Helpers.Telemetry", "..\..\sharpie\src\Sharpie\Sharpie.Helpers.Telemetry\Sharpie.Helpers.Telemetry.csproj", "{AD7AFA9C-FE6E-7C5C-15C3-3E51116B0C5A}"
EndProject
Project("{FAE04EC0-301F-11D3-BF4B-00C04F79EFBC}") = "Sharpie.Plugins.Speech", "..\..\sharpie\src\Plugins\Sharpie.Plugins.Speech\Sharpie.Plugins.Speech.csproj", "{70CFBFA9-AB8A-34C3-35E5-FB8F0E368915}"
EndProject
Project("{2150E333-8FDC-42A3-9474-1A3956D46DE8}") = "Plugins", "Plugins", "{256A44E2-436C-4FF7-B9F6-F45C5F0F4DBE}"
EndProject
Project("{FAE04EC0-301F-11D3-BF4B-00C04F79EFBC}") = "Sharpie.Plugins.SharpDX", "..\..\sharpie\src\Plugins\Sharpie.Plugins.SharpDX\Sharpie.Plugins.SharpDX.csproj", "{AC8A0898-0E39-AFBA-5A97-795D185551CB}"
EndProject
Project("{2150E333-8FDC-42A3-9474-1A3956D46DE8}") = "SolutionItems", "SolutionItems", "{52FF5312-CA1E-41EA-AE07-39ABF948A1D5}"
	ProjectSection(SolutionItems) = preProject
		Directory.build.props = Directory.build.props
	EndProjectSection
EndProject
Project("{FAE04EC0-301F-11D3-BF4B-00C04F79EFBC}") = "Sharpie.Plugins.UsbWatcher", "..\..\sharpie\src\Plugins\Sharpie.Plugins.UsbWatcher\Sharpie.Plugins.UsbWatcher.csproj", "{EC1BBCBD-E7A5-F3B7-55EA-DA6F9FF5EB77}"
EndProject
Project("{FAE04EC0-301F-11D3-BF4B-00C04F79EFBC}") = "RotoGLBridge.UI", "RotoGLBridge.UI\RotoGLBridge.UI.csproj", "{4D00369C-3D4C-CD0B-2C7D-C3A1856F3FF4}"
EndProject
Project("{FAE04EC0-301F-11D3-BF4B-00C04F79EFBC}") = "rotoUSB", "RotoUSB\rotoUSB.csproj", "{E98C2700-A68A-B582-9849-5848968D34B3}"
EndProject
Project("{FAE04EC0-301F-11D3-BF4B-00C04F79EFBC}") = "RotoGLBridge.Tests", "RotoGLBridge.Tests\RotoGLBridge.Tests.csproj", "{936A0F2D-5123-47BD-A30F-31EB75ABDCB7}"
EndProject
Global
	GlobalSection(SolutionConfigurationPlatforms) = preSolution
		Debug|x64 = Debug|x64
		Release|x64 = Release|x64
	EndGlobalSection
	GlobalSection(ProjectConfigurationPlatforms) = postSolution
		{96A9D47A-70E3-491E-A96D-16A8AC77F495}.Debug|x64.ActiveCfg = Dev|x64
		{96A9D47A-70E3-491E-A96D-16A8AC77F495}.Release|x64.ActiveCfg = Release|x64
		{96A9D47A-70E3-491E-A96D-16A8AC77F495}.Release|x64.Build.0 = Release|x64
		{2625FED9-7288-4202-B0A4-2CF8F4D6D403}.Debug|x64.ActiveCfg = Dev|x64
		{2625FED9-7288-4202-B0A4-2CF8F4D6D403}.Debug|x64.Build.0 = Dev|x64
		{2625FED9-7288-4202-B0A4-2CF8F4D6D403}.Release|x64.ActiveCfg = Release|x64
		{2625FED9-7288-4202-B0A4-2CF8F4D6D403}.Release|x64.Build.0 = Release|x64
		{C7826CD0-BE47-153A-38D2-EBA8042D1763}.Debug|x64.ActiveCfg = Debug|x64
		{C7826CD0-BE47-153A-38D2-EBA8042D1763}.Debug|x64.Build.0 = Debug|x64
		{C7826CD0-BE47-153A-38D2-EBA8042D1763}.Release|x64.ActiveCfg = Release|x64
		{EE7EE0C1-0FD9-77FC-9ED1-8C612A81F544}.Debug|x64.ActiveCfg = Debug|x64
		{EE7EE0C1-0FD9-77FC-9ED1-8C612A81F544}.Debug|x64.Build.0 = Debug|x64
		{EE7EE0C1-0FD9-77FC-9ED1-8C612A81F544}.Release|x64.ActiveCfg = Release|x64
		{EFDB0497-EA1F-4A95-E613-57A6363977BF}.Debug|x64.ActiveCfg = Debug|x64
		{EFDB0497-EA1F-4A95-E613-57A6363977BF}.Debug|x64.Build.0 = Debug|x64
		{EFDB0497-EA1F-4A95-E613-57A6363977BF}.Release|x64.ActiveCfg = Release|x64
		{AD7AFA9C-FE6E-7C5C-15C3-3E51116B0C5A}.Debug|x64.ActiveCfg = Debug|x64
		{AD7AFA9C-FE6E-7C5C-15C3-3E51116B0C5A}.Debug|x64.Build.0 = Debug|x64
		{AD7AFA9C-FE6E-7C5C-15C3-3E51116B0C5A}.Release|x64.ActiveCfg = Release|x64
		{70CFBFA9-AB8A-34C3-35E5-FB8F0E368915}.Debug|x64.ActiveCfg = Debug|x64
		{70CFBFA9-AB8A-34C3-35E5-FB8F0E368915}.Debug|x64.Build.0 = Debug|x64
		{70CFBFA9-AB8A-34C3-35E5-FB8F0E368915}.Release|x64.ActiveCfg = Release|x64
		{AC8A0898-0E39-AFBA-5A97-795D185551CB}.Debug|x64.ActiveCfg = Debug|x64
		{AC8A0898-0E39-AFBA-5A97-795D185551CB}.Debug|x64.Build.0 = Debug|x64
		{AC8A0898-0E39-AFBA-5A97-795D185551CB}.Release|x64.ActiveCfg = Release|x64
		{EC1BBCBD-E7A5-F3B7-55EA-DA6F9FF5EB77}.Debug|x64.ActiveCfg = Debug|x64
		{EC1BBCBD-E7A5-F3B7-55EA-DA6F9FF5EB77}.Debug|x64.Build.0 = Debug|x64
		{EC1BBCBD-E7A5-F3B7-55EA-DA6F9FF5EB77}.Release|x64.ActiveCfg = Release|x64
		{EC1BBCBD-E7A5-F3B7-55EA-DA6F9FF5EB77}.Release|x64.Build.0 = Release|x64
		{4D00369C-3D4C-CD0B-2C7D-C3A1856F3FF4}.Debug|x64.ActiveCfg = Debug|x64
		{4D00369C-3D4C-CD0B-2C7D-C3A1856F3FF4}.Debug|x64.Build.0 = Debug|x64
		{4D00369C-3D4C-CD0B-2C7D-C3A1856F3FF4}.Release|x64.ActiveCfg = Release|x64
		{4D00369C-3D4C-CD0B-2C7D-C3A1856F3FF4}.Release|x64.Build.0 = Release|x64
		{E98C2700-A68A-B582-9849-5848968D34B3}.Debug|x64.ActiveCfg = Debug|x64
		{E98C2700-A68A-B582-9849-5848968D34B3}.Debug|x64.Build.0 = Debug|x64
		{E98C2700-A68A-B582-9849-5848968D34B3}.Release|x64.ActiveCfg = Release|x64
		{E98C2700-A68A-B582-9849-5848968D34B3}.Release|x64.Build.0 = Release|x64
		{936A0F2D-5123-47BD-A30F-31EB75ABDCB7}.Debug|x64.ActiveCfg = Debug|Any CPU
		{936A0F2D-5123-47BD-A30F-31EB75ABDCB7}.Debug|x64.Build.0 = Debug|Any CPU
		{936A0F2D-5123-47BD-A30F-31EB75ABDCB7}.Release|x64.ActiveCfg = Release|Any CPU
		{936A0F2D-5123-47BD-A30F-31EB75ABDCB7}.Release|x64.Build.0 = Release|Any CPU
	EndGlobalSection
	GlobalSection(SolutionProperties) = preSolution
		HideSolutionNode = FALSE
	EndGlobalSection
	GlobalSection(NestedProjects) = preSolution
		{C7826CD0-BE47-153A-38D2-EBA8042D1763} = {02EA681E-C7D8-13C7-8484-4AC65E1B71E8}
		{EE7EE0C1-0FD9-77FC-9ED1-8C612A81F544} = {02EA681E-C7D8-13C7-8484-4AC65E1B71E8}
		{EFDB0497-EA1F-4A95-E613-57A6363977BF} = {02EA681E-C7D8-13C7-8484-4AC65E1B71E8}
		{AD7AFA9C-FE6E-7C5C-15C3-3E51116B0C5A} = {02EA681E-C7D8-13C7-8484-4AC65E1B71E8}
		{70CFBFA9-AB8A-34C3-35E5-FB8F0E368915} = {256A44E2-436C-4FF7-B9F6-F45C5F0F4DBE}
		{AC8A0898-0E39-AFBA-5A97-795D185551CB} = {256A44E2-436C-4FF7-B9F6-F45C5F0F4DBE}
		{EC1BBCBD-E7A5-F3B7-55EA-DA6F9FF5EB77} = {256A44E2-436C-4FF7-B9F6-F45C5F0F4DBE}
	EndGlobalSection
	GlobalSection(ExtensibilityGlobals) = postSolution
		SolutionGuid = {CC19C48B-E6E4-4508-8532-1990C11DA3E5}
	EndGlobalSection
EndGlobal
