
Microsoft Visual Studio Solution File, Format Version 12.00
# Visual Studio Version 17
VisualStudioVersion = 17.12.35527.113
MinimumVisualStudioVersion = 10.0.40219.1
Project("{FAE04EC0-301F-11D3-BF4B-00C04F79EFBC}") = "RotoGLBridge.ConsoleApp", "RotoGLBridge.Console\RotoGLBridge.ConsoleApp.csproj", "{96A9D47A-70E3-491E-A96D-16A8AC77F495}"
EndProject
Project("{FAE04EC0-301F-11D3-BF4B-00C04F79EFBC}") = "RotoGLBridge", "RotoGLBridge\RotoGLBridge.csproj", "{2625FED9-7288-4202-B0A4-2CF8F4D6D403}"
EndProject
Project("{FAE04EC0-301F-11D3-BF4B-00C04F79EFBC}") = "Sharpie.Engine.Contracts", "..\..\Sharpie2\src\Sharpie\Sharpie.Engine.Contracts\Sharpie.Engine.Contracts.csproj", "{C7826CD0-BE47-153A-38D2-EBA8042D1763}"
EndProject
Project("{FAE04EC0-301F-11D3-BF4B-00C04F79EFBC}") = "Sharpie.Engine", "..\..\Sharpie2\src\Sharpie\Sharpie.Engine\Sharpie.Engine.csproj", "{EE7EE0C1-0FD9-77FC-9ED1-8C612A81F544}"
EndProject
Project("{2150E333-8FDC-42A3-9474-1A3956D46DE8}") = "Sharpie", "Sharpie", "{02EA681E-C7D8-13C7-8484-4AC65E1B71E8}"
EndProject
Project("{FAE04EC0-301F-11D3-BF4B-00C04F79EFBC}") = "Sharpie.Helpers.Core", "..\..\Sharpie2\src\Sharpie\Sharpie.Helpers.Core\Sharpie.Helpers.Core.csproj", "{EFDB0497-EA1F-4A95-E613-57A6363977BF}"
EndProject
Project("{FAE04EC0-301F-11D3-BF4B-00C04F79EFBC}") = "Sharpie.Helpers.Telemetry", "..\..\Sharpie2\src\Sharpie\Sharpie.Helpers.Telemetry\Sharpie.Helpers.Telemetry.csproj", "{AD7AFA9C-FE6E-7C5C-15C3-3E51116B0C5A}"
EndProject
Project("{FAE04EC0-301F-11D3-BF4B-00C04F79EFBC}") = "Sharpie.Plugins.Speech", "..\..\Sharpie2\src\Plugins\Sharpie.Plugins.Speech\Sharpie.Plugins.Speech.csproj", "{70CFBFA9-AB8A-34C3-35E5-FB8F0E368915}"
EndProject
Project("{2150E333-8FDC-42A3-9474-1A3956D46DE8}") = "Plugins", "Plugins", "{256A44E2-436C-4FF7-B9F6-F45C5F0F4DBE}"
EndProject
Project("{FAE04EC0-301F-11D3-BF4B-00C04F79EFBC}") = "Sharpie.Plugins.SharpDX", "..\..\Sharpie2\src\Plugins\Sharpie.Plugins.SharpDX\Sharpie.Plugins.SharpDX.csproj", "{AC8A0898-0E39-AFBA-5A97-795D185551CB}"
EndProject
Global
	GlobalSection(SolutionConfigurationPlatforms) = preSolution
		Debug|Any CPU = Debug|Any CPU
		Dev|Any CPU = Dev|Any CPU
		Release|Any CPU = Release|Any CPU
	EndGlobalSection
	GlobalSection(ProjectConfigurationPlatforms) = postSolution
		{96A9D47A-70E3-491E-A96D-16A8AC77F495}.Debug|Any CPU.ActiveCfg = Debug|Any CPU
		{96A9D47A-70E3-491E-A96D-16A8AC77F495}.Debug|Any CPU.Build.0 = Debug|Any CPU
		{96A9D47A-70E3-491E-A96D-16A8AC77F495}.Dev|Any CPU.ActiveCfg = Dev|Any CPU
		{96A9D47A-70E3-491E-A96D-16A8AC77F495}.Dev|Any CPU.Build.0 = Dev|Any CPU
		{96A9D47A-70E3-491E-A96D-16A8AC77F495}.Release|Any CPU.ActiveCfg = Release|Any CPU
		{96A9D47A-70E3-491E-A96D-16A8AC77F495}.Release|Any CPU.Build.0 = Release|Any CPU
		{2625FED9-7288-4202-B0A4-2CF8F4D6D403}.Debug|Any CPU.ActiveCfg = Debug|Any CPU
		{2625FED9-7288-4202-B0A4-2CF8F4D6D403}.Debug|Any CPU.Build.0 = Debug|Any CPU
		{2625FED9-7288-4202-B0A4-2CF8F4D6D403}.Dev|Any CPU.ActiveCfg = Dev|Any CPU
		{2625FED9-7288-4202-B0A4-2CF8F4D6D403}.Dev|Any CPU.Build.0 = Dev|Any CPU
		{2625FED9-7288-4202-B0A4-2CF8F4D6D403}.Release|Any CPU.ActiveCfg = Release|Any CPU
		{2625FED9-7288-4202-B0A4-2CF8F4D6D403}.Release|Any CPU.Build.0 = Release|Any CPU
		{C7826CD0-BE47-153A-38D2-EBA8042D1763}.Debug|Any CPU.ActiveCfg = Debug|Any CPU
		{C7826CD0-BE47-153A-38D2-EBA8042D1763}.Debug|Any CPU.Build.0 = Debug|Any CPU
		{C7826CD0-BE47-153A-38D2-EBA8042D1763}.Dev|Any CPU.ActiveCfg = Dev|Any CPU
		{C7826CD0-BE47-153A-38D2-EBA8042D1763}.Dev|Any CPU.Build.0 = Dev|Any CPU
		{C7826CD0-BE47-153A-38D2-EBA8042D1763}.Release|Any CPU.ActiveCfg = Release|Any CPU
		{EE7EE0C1-0FD9-77FC-9ED1-8C612A81F544}.Debug|Any CPU.ActiveCfg = Debug|Any CPU
		{EE7EE0C1-0FD9-77FC-9ED1-8C612A81F544}.Debug|Any CPU.Build.0 = Debug|Any CPU
		{EE7EE0C1-0FD9-77FC-9ED1-8C612A81F544}.Dev|Any CPU.ActiveCfg = Dev|Any CPU
		{EE7EE0C1-0FD9-77FC-9ED1-8C612A81F544}.Dev|Any CPU.Build.0 = Dev|Any CPU
		{EE7EE0C1-0FD9-77FC-9ED1-8C612A81F544}.Release|Any CPU.ActiveCfg = Release|Any CPU
		{EFDB0497-EA1F-4A95-E613-57A6363977BF}.Debug|Any CPU.ActiveCfg = Debug|Any CPU
		{EFDB0497-EA1F-4A95-E613-57A6363977BF}.Debug|Any CPU.Build.0 = Debug|Any CPU
		{EFDB0497-EA1F-4A95-E613-57A6363977BF}.Dev|Any CPU.ActiveCfg = Dev|Any CPU
		{EFDB0497-EA1F-4A95-E613-57A6363977BF}.Dev|Any CPU.Build.0 = Dev|Any CPU
		{EFDB0497-EA1F-4A95-E613-57A6363977BF}.Release|Any CPU.ActiveCfg = Release|Any CPU
		{EFDB0497-EA1F-4A95-E613-57A6363977BF}.Release|Any CPU.Build.0 = Release|Any CPU
		{AD7AFA9C-FE6E-7C5C-15C3-3E51116B0C5A}.Debug|Any CPU.ActiveCfg = Debug|Any CPU
		{AD7AFA9C-FE6E-7C5C-15C3-3E51116B0C5A}.Debug|Any CPU.Build.0 = Debug|Any CPU
		{AD7AFA9C-FE6E-7C5C-15C3-3E51116B0C5A}.Dev|Any CPU.ActiveCfg = Dev|Any CPU
		{AD7AFA9C-FE6E-7C5C-15C3-3E51116B0C5A}.Dev|Any CPU.Build.0 = Dev|Any CPU
		{AD7AFA9C-FE6E-7C5C-15C3-3E51116B0C5A}.Release|Any CPU.ActiveCfg = Release|Any CPU
		{AD7AFA9C-FE6E-7C5C-15C3-3E51116B0C5A}.Release|Any CPU.Build.0 = Release|Any CPU
		{70CFBFA9-AB8A-34C3-35E5-FB8F0E368915}.Debug|Any CPU.ActiveCfg = Debug|Any CPU
		{70CFBFA9-AB8A-34C3-35E5-FB8F0E368915}.Debug|Any CPU.Build.0 = Debug|Any CPU
		{70CFBFA9-AB8A-34C3-35E5-FB8F0E368915}.Dev|Any CPU.ActiveCfg = Dev|Any CPU
		{70CFBFA9-AB8A-34C3-35E5-FB8F0E368915}.Dev|Any CPU.Build.0 = Dev|Any CPU
		{70CFBFA9-AB8A-34C3-35E5-FB8F0E368915}.Release|Any CPU.ActiveCfg = Release|Any CPU
		{70CFBFA9-AB8A-34C3-35E5-FB8F0E368915}.Release|Any CPU.Build.0 = Release|Any CPU
		{AC8A0898-0E39-AFBA-5A97-795D185551CB}.Debug|Any CPU.ActiveCfg = Debug|Any CPU
		{AC8A0898-0E39-AFBA-5A97-795D185551CB}.Debug|Any CPU.Build.0 = Debug|Any CPU
		{AC8A0898-0E39-AFBA-5A97-795D185551CB}.Dev|Any CPU.ActiveCfg = Dev|Any CPU
		{AC8A0898-0E39-AFBA-5A97-795D185551CB}.Dev|Any CPU.Build.0 = Dev|Any CPU
		{AC8A0898-0E39-AFBA-5A97-795D185551CB}.Release|Any CPU.ActiveCfg = Release|Any CPU
		{AC8A0898-0E39-AFBA-5A97-795D185551CB}.Release|Any CPU.Build.0 = Release|Any CPU
	EndGlobalSection
	GlobalSection(SolutionProperties) = preSolution
		HideSolutionNode = FALSE
	EndGlobalSection
	GlobalSection(NestedProjects) = preSolution
		{C7826CD0-BE47-153A-38D2-EBA8042D1763} = {02EA681E-C7D8-13C7-8484-4AC65E1B71E8}
		{EE7EE0C1-0FD9-77FC-9ED1-8C612A81F544} = {02EA681E-C7D8-13C7-8484-4AC65E1B71E8}
		{EFDB0497-EA1F-4A95-E613-57A6363977BF} = {02EA681E-C7D8-13C7-8484-4AC65E1B71E8}
		{AD7AFA9C-FE6E-7C5C-15C3-3E51116B0C5A} = {02EA681E-C7D8-13C7-8484-4AC65E1B71E8}
		{70CFBFA9-AB8A-34C3-35E5-FB8F0E368915} = {256A44E2-436C-4FF7-B9F6-F45C5F0F4DBE}
		{AC8A0898-0E39-AFBA-5A97-795D185551CB} = {256A44E2-436C-4FF7-B9F6-F45C5F0F4DBE}
	EndGlobalSection
	GlobalSection(ExtensibilityGlobals) = postSolution
		SolutionGuid = {CC19C48B-E6E4-4508-8532-1990C11DA3E5}
	EndGlobalSection
EndGlobal
